{
  "name": "@craftkit/craft-widget-navigationgroup",
  "version": "2.2.0",
  "lockfileVersion": 1,
  "requires": true,
  "dependencies": {
    "@craftkit/craft-uikit": {
      "version": "3.0.0",
      "resolved": "https://registry.npmjs.org/@craftkit/craft-uikit/-/craft-uikit-3.0.0.tgz",
      "integrity": "sha512-BSl8EyQlUrNi08yuAueUb0lcxm+eVDpDYi4lNMSAwcnzLWpqtvefpWNMIQ6109RmUgWQ6Fu9mrpGVizZbx72Hw=="
    }
  }
}
