{
  "name": "@craftkit/craft-widget-navigationgroup",
  "version": "3.1.0",
  "lockfileVersion": 1,
  "requires": true,
  "dependencies": {
    "@craftkit/craft-uikit": {
      "version": "3.1.0",
      "resolved": "https://registry.npmjs.org/@craftkit/craft-uikit/-/craft-uikit-3.1.0.tgz",
      "integrity": "sha512-rVtywCOa5BGrrIgVpT7a0k36b7IyrDgsKyNGMAlyNQmCAB7pobliAmHgFhVpeROiJpRhsr0iYQQ7RZuAxQx43w=="
    }
  }
}
